// !$*UTF8*$!
{
	archiveVersion = 1;
	classes = {
	};
	objectVersion = 50;
	objects = {

/* Begin PBXBuildFile section */
		59E5243024A151E700F80C33 /* AppDelegate.swift in Sources */ = {isa = PBXBuildFile; fileRef = 59E5242F24A151E700F80C33 /* AppDelegate.swift */; };
		59E5243224A151E700F80C33 /* SceneDelegate.swift in Sources */ = {isa = PBXBuildFile; fileRef = 59E5243124A151E700F80C33 /* SceneDelegate.swift */; };
		59E5243724A151E700F80C33 /* Main.storyboard in Resources */ = {isa = PBXBuildFile; fileRef = 59E5243524A151E700F80C33 /* Main.storyboard */; };
		59E5243924A151EA00F80C33 /* Assets.xcassets in Resources */ = {isa = PBXBuildFile; fileRef = 59E5243824A151EA00F80C33 /* Assets.xcassets */; };
		59E5243C24A151EA00F80C33 /* LaunchScreen.storyboard in Resources */ = {isa = PBXBuildFile; fileRef = 59E5243A24A151EA00F80C33 /* LaunchScreen.storyboard */; };
		59E5244424A1548A00F80C33 /* TarefasTableViewController.swift in Sources */ = {isa = PBXBuildFile; fileRef = 59E5244324A1548A00F80C33 /* TarefasTableViewController.swift */; };
		59E5244624A154E600F80C33 /* CadastroViewController.swift in Sources */ = {isa = PBXBuildFile; fileRef = 59E5244524A154E600F80C33 /* CadastroViewController.swift */; };
		59E5244824A1557900F80C33 /* TarefaUserDefaults.swift in Sources */ = {isa = PBXBuildFile; fileRef = 59E5244724A1557900F80C33 /* TarefaUserDefaults.swift */; };
/* End PBXBuildFile section */

/* Begin PBXFileReference section */
		59E5242C24A151E700F80C33 /* Lista de Tarefas.app */ = {isa = PBXFileReference; explicitFileType = wrapper.application; includeInIndex = 0; path = "Lista de Tarefas.app"; sourceTree = BUILT_PRODUCTS_DIR; };
		59E5242F24A151E700F80C33 /* AppDelegate.swift */ = {isa = PBXFileReference; lastKnownFileType = sourcecode.swift; path = AppDelegate.swift; sourceTree = "<group>"; };
		59E5243124A151E700F80C33 /* SceneDelegate.swift */ = {isa = PBXFileReference; lastKnownFileType = sourcecode.swift; path = SceneDelegate.swift; sourceTree = "<group>"; };
		59E5243624A151E700F80C33 /* Base */ = {isa = PBXFileReference; lastKnownFileType = file.storyboard; name = Base; path = Base.lproj/Main.storyboard; sourceTree = "<group>"; };
		59E5243824A151EA00F80C33 /* Assets.xcassets */ = {isa = PBXFileReference; lastKnownFileType = folder.assetcatalog; path = Assets.xcassets; sourceTree = "<group>"; };
		59E5243B24A151EA00F80C33 /* Base */ = {isa = PBXFileReference; lastKnownFileType = file.storyboard; name = Base; path = Base.lproj/LaunchScreen.storyboard; sourceTree = "<group>"; };
		59E5243D24A151EA00F80C33 /* Info.plist */ = {isa = PBXFileReference; lastKnownFileType = text.plist.xml; path = Info.plist; sourceTree = "<group>"; };
		59E5244324A1548A00F80C33 /* TarefasTableViewController.swift */ = {isa = PBXFileReference; lastKnownFileType = sourcecode.swift; path = TarefasTableViewController.swift; sourceTree = "<group>"; };
		59E5244524A154E600F80C33 /* CadastroViewController.swift */ = {isa = PBXFileReference; lastKnownFileType = sourcecode.swift; path = CadastroViewController.swift; sourceTree = "<group>"; };
		59E5244724A1557900F80C33 /* TarefaUserDefaults.swift */ = {isa = PBXFileReference; lastKnownFileType = sourcecode.swift; path = TarefaUserDefaults.swift; sourceTree = "<group>"; };
/* End PBXFileReference section */

/* Begin PBXFrameworksBuildPhase section */
		59E5242924A151E700F80C33 /* Frameworks */ = {
			isa = PBXFrameworksBuildPhase;
			buildActionMask = 2147483647;
			files = (
			);
			runOnlyForDeploymentPostprocessing = 0;
		};
/* End PBXFrameworksBuildPhase section */

/* Begin PBXGroup section */
		59E5242324A151E700F80C33 = {
			isa = PBXGroup;
			children = (
				59E5242E24A151E700F80C33 /* Lista de Tarefas */,
				59E5242D24A151E700F80C33 /* Products */,
			);
			sourceTree = "<group>";
		};
		59E5242D24A151E700F80C33 /* Products */ = {
			isa = PBXGroup;
			children = (
				59E5242C24A151E700F80C33 /* Lista de Tarefas.app */,
			);
			name = Products;
			sourceTree = "<group>";
		};
		59E5242E24A151E700F80C33 /* Lista de Tarefas */ = {
			isa = PBXGroup;
			children = (
				59E5242F24A151E700F80C33 /* AppDelegate.swift */,
				59E5244324A1548A00F80C33 /* TarefasTableViewController.swift */,
				59E5243124A151E700F80C33 /* SceneDelegate.swift */,
				59E5243524A151E700F80C33 /* Main.storyboard */,
				59E5243824A151EA00F80C33 /* Assets.xcassets */,
				59E5243A24A151EA00F80C33 /* LaunchScreen.storyboard */,
				59E5243D24A151EA00F80C33 /* Info.plist */,
				59E5244524A154E600F80C33 /* CadastroViewController.swift */,
				59E5244724A1557900F80C33 /* TarefaUserDefaults.swift */,
			);
			path = "Lista de Tarefas";
			sourceTree = "<group>";
		};
/* End PBXGroup section */

/* Begin PBXNativeTarget section */
		59E5242B24A151E700F80C33 /* Lista de Tarefas */ = {
			isa = PBXNativeTarget;
			buildConfigurationList = 59E5244024A151EA00F80C33 /* Build configuration list for PBXNativeTarget "Lista de Tarefas" */;
			buildPhases = (
				59E5242824A151E700F80C33 /* Sources */,
				59E5242924A151E700F80C33 /* Frameworks */,
				59E5242A24A151E700F80C33 /* Resources */,
			);
			buildRules = (
			);
			dependencies = (
			);
			name = "Lista de Tarefas";
			productName = "Lista de Tarefas";
			productReference = 59E5242C24A151E700F80C33 /* Lista de Tarefas.app */;
			productType = "com.apple.product-type.application";
		};
/* End PBXNativeTarget section */

/* Begin PBXProject section */
		59E5242424A151E700F80C33 /* Project object */ = {
			isa = PBXProject;
			attributes = {
				LastSwiftUpdateCheck = 1130;
				LastUpgradeCheck = 1130;
				ORGANIZATIONNAME = "Edwy Lugo";
				TargetAttributes = {
					59E5242B24A151E700F80C33 = {
						CreatedOnToolsVersion = 11.3;
					};
				};
			};
			buildConfigurationList = 59E5242724A151E700F80C33 /* Build configuration list for PBXProject "Lista de Tarefas" */;
			compatibilityVersion = "Xcode 9.3";
			developmentRegion = en;
			hasScannedForEncodings = 0;
			knownRegions = (
				en,
				Base,
			);
			mainGroup = 59E5242324A151E700F80C33;
			productRefGroup = 59E5242D24A151E700F80C33 /* Products */;
			projectDirPath = "";
			projectRoot = "";
			targets = (
				59E5242B24A151E700F80C33 /* Lista de Tarefas */,
			);
		};
/* End PBXProject section */

/* Begin PBXResourcesBuildPhase section */
		59E5242A24A151E700F80C33 /* Resources */ = {
			isa = PBXResourcesBuildPhase;
			buildActionMask = 2147483647;
			files = (
				59E5243C24A151EA00F80C33 /* LaunchScreen.storyboard in Resources */,
				59E5243924A151EA00F80C33 /* Assets.xcassets in Resources */,
				59E5243724A151E700F80C33 /* Main.storyboard in Resources */,
			);
			runOnlyForDeploymentPostprocessing = 0;
		};
/* End PBXResourcesBuildPhase section */

/* Begin PBXSourcesBuildPhase section */
		59E5242824A151E700F80C33 /* Sources */ = {
			isa = PBXSourcesBuildPhase;
			buildActionMask = 2147483647;
			files = (
				59E5243024A151E700F80C33 /* AppDelegate.swift in Sources */,
				59E5244424A1548A00F80C33 /* TarefasTableViewController.swift in Sources */,
				59E5244824A1557900F80C33 /* TarefaUserDefaults.swift in Sources */,
				59E5243224A151E700F80C33 /* SceneDelegate.swift in Sources */,
				59E5244624A154E600F80C33 /* CadastroViewController.swift in Sources */,
			);
			runOnlyForDeploymentPostprocessing = 0;
		};
/* End PBXSourcesBuildPhase section */

/* Begin PBXVariantGroup section */
		59E5243524A151E700F80C33 /* Main.storyboard */ = {
			isa = PBXVariantGroup;
			children = (
				59E5243624A151E700F80C33 /* Base */,
			);
			name = Main.storyboard;
			sourceTree = "<group>";
		};
		59E5243A24A151EA00F80C33 /* LaunchScreen.storyboard */ = {
			isa = PBXVariantGroup;
			children = (
				59E5243B24A151EA00F80C33 /* Base */,
			);
			name = LaunchScreen.storyboard;
			sourceTree = "<group>";
		};
/* End PBXVariantGroup section */

/* Begin XCBuildConfiguration section */
		59E5243E24A151EA00F80C33 /* Debug */ = {
			isa = XCBuildConfiguration;
			buildSettings = {
				ALWAYS_SEARCH_USER_PATHS = NO;
				CLANG_ANALYZER_NONNULL = YES;
				CLANG_ANALYZER_NUMBER_OBJECT_CONVERSION = YES_AGGRESSIVE;
				CLANG_CXX_LANGUAGE_STANDARD = "gnu++14";
				CLANG_CXX_LIBRARY = "libc++";
				CLANG_ENABLE_MODULES = YES;
				CLANG_ENABLE_OBJC_ARC = YES;
				CLANG_ENABLE_OBJC_WEAK = YES;
				CLANG_WARN_BLOCK_CAPTURE_AUTORELEASING = YES;
				CLANG_WARN_BOOL_CONVERSION = YES;
				CLANG_WARN_COMMA = YES;
				CLANG_WARN_CONSTANT_CONVERSION = YES;
				CLANG_WARN_DEPRECATED_OBJC_IMPLEMENTATIONS = YES;
				CLANG_WARN_DIRECT_OBJC_ISA_USAGE = YES_ERROR;
				CLANG_WARN_DOCUMENTATION_COMMENTS = YES;
				CLANG_WARN_EMPTY_BODY = YES;
				CLANG_WARN_ENUM_CONVERSION = YES;
				CLANG_WARN_INFINITE_RECURSION = YES;
				CLANG_WARN_INT_CONVERSION = YES;
				CLANG_WARN_NON_LITERAL_NULL_CONVERSION = YES;
				CLANG_WARN_OBJC_IMPLICIT_RETAIN_SELF = YES;
				CLANG_WARN_OBJC_LITERAL_CONVERSION = YES;
				CLANG_WARN_OBJC_ROOT_CLASS = YES_ERROR;
				CLANG_WARN_RANGE_LOOP_ANALYSIS = YES;
				CLANG_WARN_STRICT_PROTOTYPES = YES;
				CLANG_WARN_SUSPICIOUS_MOVE = YES;
				CLANG_WARN_UNGUARDED_AVAILABILITY = YES_AGGRESSIVE;
				CLANG_WARN_UNREACHABLE_CODE = YES;
				CLANG_WARN__DUPLICATE_METHOD_MATCH = YES;
				COPY_PHASE_STRIP = NO;
				DEBUG_INFORMATION_FORMAT = dwarf;
				ENABLE_STRICT_OBJC_MSGSEND = YES;
				ENABLE_TESTABILITY = YES;
				GCC_C_LANGUAGE_STANDARD = gnu11;
				GCC_DYNAMIC_NO_PIC = NO;
				GCC_NO_COMMON_BLOCKS = YES;
				GCC_OPTIMIZATION_LEVEL = 0;
				GCC_PREPROCESSOR_DEFINITIONS = (
					"DEBUG=1",
					"$(inherited)",
				);
				GCC_WARN_64_TO_32_BIT_CONVERSION = YES;
				GCC_WARN_ABOUT_RETURN_TYPE = YES_ERROR;
				GCC_WARN_UNDECLARED_SELECTOR = YES;
				GCC_WARN_UNINITIALIZED_AUTOS = YES_AGGRESSIVE;
				GCC_WARN_UNUSED_FUNCTION = YES;
				GCC_WARN_UNUSED_VARIABLE = YES;
				IPHONEOS_DEPLOYMENT_TARGET = 13.2;
				MTL_ENABLE_DEBUG_INFO = INCLUDE_SOURCE;
				MTL_FAST_MATH = YES;
				ONLY_ACTIVE_ARCH = YES;
				SDKROOT = iphoneos;
				SWIFT_ACTIVE_COMPILATION_CONDITIONS = DEBUG;
				SWIFT_OPTIMIZATION_LEVEL = "-Onone";
			};
			name = Debug;
		};
		59E5243F24A151EA00F80C33 /* Release */ = {
			isa = XCBuildConfiguration;
			buildSettings = {
				ALWAYS_SEARCH_USER_PATHS = NO;
				CLANG_ANALYZER_NONNULL = YES;
				CLANG_ANALYZER_NUMBER_OBJECT_CONVERSION = YES_AGGRESSIVE;
				CLANG_CXX_LANGUAGE_STANDARD = "gnu++14";
				CLANG_CXX_LIBRARY = "libc++";
				CLANG_ENABLE_MODULES = YES;
				CLANG_ENABLE_OBJC_ARC = YES;
				CLANG_ENABLE_OBJC_WEAK = YES;
				CLANG_WARN_BLOCK_CAPTURE_AUTORELEASING = YES;
				CLANG_WARN_BOOL_CONVERSION = YES;
				CLANG_WARN_COMMA = YES;
				CLANG_WARN_CONSTANT_CONVERSION = YES;
				CLANG_WARN_DEPRECATED_OBJC_IMPLEMENTATIONS = YES;
				CLANG_WARN_DIRECT_OBJC_ISA_USAGE = YES_ERROR;
				CLANG_WARN_DOCUMENTATION_COMMENTS = YES;
				CLANG_WARN_EMPTY_BODY = YES;
				CLANG_WARN_ENUM_CONVERSION = YES;
				CLANG_WARN_INFINITE_RECURSION = YES;
				CLANG_WARN_INT_CONVERSION = YES;
				CLANG_WARN_NON_LITERAL_NULL_CONVERSION = YES;
				CLANG_WARN_OBJC_IMPLICIT_RETAIN_SELF = YES;
				CLANG_WARN_OBJC_LITERAL_CONVERSION = YES;
				CLANG_WARN_OBJC_ROOT_CLASS = YES_ERROR;
				CLANG_WARN_RANGE_LOOP_ANALYSIS = YES;
				CLANG_WARN_STRICT_PROTOTYPES = YES;
				CLANG_WARN_SUSPICIOUS_MOVE = YES;
				CLANG_WARN_UNGUARDED_AVAILABILITY = YES_AGGRESSIVE;
				CLANG_WARN_UNREACHABLE_CODE = YES;
				CLANG_WARN__DUPLICATE_METHOD_MATCH = YES;
				COPY_PHASE_STRIP = NO;
				DEBUG_INFORMATION_FORMAT = "dwarf-with-dsym";
				ENABLE_NS_ASSERTIONS = NO;
				ENABLE_STRICT_OBJC_MSGSEND = YES;
				GCC_C_LANGUAGE_STANDARD = gnu11;
				GCC_NO_COMMON_BLOCKS = YES;
				GCC_WARN_64_TO_32_BIT_CONVERSION = YES;
				GCC_WARN_ABOUT_RETURN_TYPE = YES_ERROR;
				GCC_WARN_UNDECLARED_SELECTOR = YES;
				GCC_WARN_UNINITIALIZED_AUTOS = YES_AGGRESSIVE;
				GCC_WARN_UNUSED_FUNCTION = YES;
				GCC_WARN_UNUSED_VARIABLE = YES;
				IPHONEOS_DEPLOYMENT_TARGET = 13.2;
				MTL_ENABLE_DEBUG_INFO = NO;
				MTL_FAST_MATH = YES;
				SDKROOT = iphoneos;
				SWIFT_COMPILATION_MODE = wholemodule;
				SWIFT_OPTIMIZATION_LEVEL = "-O";
				VALIDATE_PRODUCT = YES;
			};
			name = Release;
		};
		59E5244124A151EA00F80C33 /* Debug */ = {
			isa = XCBuildConfiguration;
			buildSettings = {
				ASSETCATALOG_COMPILER_APPICON_NAME = AppIcon;
				CODE_SIGN_STYLE = Automatic;
				DEVELOPMENT_TEAM = 83NFHDY43B;
				INFOPLIST_FILE = "Lista de Tarefas/Info.plist";
				LD_RUNPATH_SEARCH_PATHS = (
					"$(inherited)",
					"@executable_path/Frameworks",
				);
				PRODUCT_BUNDLE_IDENTIFIER = "br.com.edwylugo.Lista-de-Tarefas";
				PRODUCT_NAME = "$(TARGET_NAME)";
				SWIFT_VERSION = 5.0;
				TARGETED_DEVICE_FAMILY = "1,2";
			};
			name = Debug;
		};
		59E5244224A151EA00F80C33 /* Release */ = {
			isa = XCBuildConfiguration;
			buildSettings = {
				ASSETCATALOG_COMPILER_APPICON_NAME = AppIcon;
				CODE_SIGN_STYLE = Automatic;
				DEVELOPMENT_TEAM = 83NFHDY43B;
				INFOPLIST_FILE = "Lista de Tarefas/Info.plist";
				LD_RUNPATH_SEARCH_PATHS = (
					"$(inherited)",
					"@executable_path/Frameworks",
				);
				PRODUCT_BUNDLE_IDENTIFIER = "br.com.edwylugo.Lista-de-Tarefas";
				PRODUCT_NAME = "$(TARGET_NAME)";
				SWIFT_VERSION = 5.0;
				TARGETED_DEVICE_FAMILY = "1,2";
			};
			name = Release;
		};
/* End XCBuildConfiguration section */

/* Begin XCConfigurationList section */
		59E5242724A151E700F80C33 /* Build configuration list for PBXProject "Lista de Tarefas" */ = {
			isa = XCConfigurationList;
			buildConfigurations = (
				59E5243E24A151EA00F80C33 /* Debug */,
				59E5243F24A151EA00F80C33 /* Release */,
			);
			defaultConfigurationIsVisible = 0;
			defaultConfigurationName = Release;
		};
		59E5244024A151EA00F80C33 /* Build configuration list for PBXNativeTarget "Lista de Tarefas" */ = {
			isa = XCConfigurationList;
			buildConfigurations = (
				59E5244124A151EA00F80C33 /* Debug */,
				59E5244224A151EA00F80C33 /* Release */,
			);
			defaultConfigurationIsVisible = 0;
			defaultConfigurationName = Release;
		};
/* End XCConfigurationList section */
	};
	rootObject = 59E5242424A151E700F80C33 /* Project object */;
}
